
Microsoft Visual Studio Solution File, Format Version 12.00
# Visual Studio Version 17
VisualStudioVersion = 17.14.36121.58 d17.14
MinimumVisualStudioVersion = 10.0.40219.1
Project("{FAE04EC0-301F-11D3-BF4B-00C04F79EFBC}") = "open_civilization", "open_civilization\open_civilization.csproj", "{F78A0BF7-73C1-4942-9CCB-4EAC43343A33}"
EndProject
Global
	GlobalSection(SolutionConfigurationPlatforms) = preSolution
		Debug|Any CPU = Debug|Any CPU
		Release|Any CPU = Release|Any CPU
	EndGlobalSection
	GlobalSection(ProjectConfigurationPlatforms) = postSolution
		{F78A0BF7-73C1-4942-9CCB-4EAC43343A33}.Debug|Any CPU.ActiveCfg = Debug|Any CPU
		{F78A0BF7-73C1-4942-9CCB-4EAC43343A33}.Debug|Any CPU.Build.0 = Debug|Any CPU
		{F78A0BF7-73C1-4942-9CCB-4EAC43343A33}.Release|Any CPU.ActiveCfg = Release|Any CPU
		{F78A0BF7-73C1-4942-9CCB-4EAC43343A33}.Release|Any CPU.Build.0 = Release|Any CPU
	EndGlobalSection
	GlobalSection(SolutionProperties) = preSolution
		HideSolutionNode = FALSE
	EndGlobalSection
	GlobalSection(ExtensibilityGlobals) = postSolution
		SolutionGuid = {D6F7F7A4-F97E-4CC9-B383-C9E5C3E0CE9B}
	EndGlobalSection
EndGlobal
